
Microsoft Visual Studio Solution File, Format Version 12.00
# Visual Studio 15
VisualStudioVersion = 15.0.27428.1
MinimumVisualStudioVersion = 10.0.40219.1
Project("{8BC9CEB8-8B4A-11D0-8D11-00A0C91BC942}") = "자료구조 11 (그래프)", "자료구조 11 (그래프)\자료구조 11 (그래프).vcxproj", "{10488D1C-ED34-463F-AB6F-3F84B5EA82AE}"
EndProject
Global
	GlobalSection(SolutionConfigurationPlatforms) = preSolution
		Debug|x64 = Debug|x64
		Debug|x86 = Debug|x86
		Release|x64 = Release|x64
		Release|x86 = Release|x86
	EndGlobalSection
	GlobalSection(ProjectConfigurationPlatforms) = postSolution
		{10488D1C-ED34-463F-AB6F-3F84B5EA82AE}.Debug|x64.ActiveCfg = Debug|x64
		{10488D1C-ED34-463F-AB6F-3F84B5EA82AE}.Debug|x64.Build.0 = Debug|x64
		{10488D1C-ED34-463F-AB6F-3F84B5EA82AE}.Debug|x86.ActiveCfg = Debug|Win32
		{10488D1C-ED34-463F-AB6F-3F84B5EA82AE}.Debug|x86.Build.0 = Debug|Win32
		{10488D1C-ED34-463F-AB6F-3F84B5EA82AE}.Release|x64.ActiveCfg = Release|x64
		{10488D1C-ED34-463F-AB6F-3F84B5EA82AE}.Release|x64.Build.0 = Release|x64
		{10488D1C-ED34-463F-AB6F-3F84B5EA82AE}.Release|x86.ActiveCfg = Release|Win32
		{10488D1C-ED34-463F-AB6F-3F84B5EA82AE}.Release|x86.Build.0 = Release|Win32
	EndGlobalSection
	GlobalSection(SolutionProperties) = preSolution
		HideSolutionNode = FALSE
	EndGlobalSection
	GlobalSection(ExtensibilityGlobals) = postSolution
		SolutionGuid = {C4346384-8FCE-4244-8A4A-3664E6E64880}
	EndGlobalSection
EndGlobal
