
Microsoft Visual Studio Solution File, Format Version 12.00
# Visual Studio 15
VisualStudioVersion = 15.0.27428.1
MinimumVisualStudioVersion = 10.0.40219.1
Project("{8BC9CEB8-8B4A-11D0-8D11-00A0C91BC942}") = "자료구조 (스택)", "자료구조 (스택)\자료구조 (스택).vcxproj", "{5C76889E-4BA0-4971-BE0B-6A5954A8B620}"
EndProject
Global
	GlobalSection(SolutionConfigurationPlatforms) = preSolution
		Debug|x64 = Debug|x64
		Debug|x86 = Debug|x86
		Release|x64 = Release|x64
		Release|x86 = Release|x86
	EndGlobalSection
	GlobalSection(ProjectConfigurationPlatforms) = postSolution
		{5C76889E-4BA0-4971-BE0B-6A5954A8B620}.Debug|x64.ActiveCfg = Debug|x64
		{5C76889E-4BA0-4971-BE0B-6A5954A8B620}.Debug|x64.Build.0 = Debug|x64
		{5C76889E-4BA0-4971-BE0B-6A5954A8B620}.Debug|x86.ActiveCfg = Debug|Win32
		{5C76889E-4BA0-4971-BE0B-6A5954A8B620}.Debug|x86.Build.0 = Debug|Win32
		{5C76889E-4BA0-4971-BE0B-6A5954A8B620}.Release|x64.ActiveCfg = Release|x64
		{5C76889E-4BA0-4971-BE0B-6A5954A8B620}.Release|x64.Build.0 = Release|x64
		{5C76889E-4BA0-4971-BE0B-6A5954A8B620}.Release|x86.ActiveCfg = Release|Win32
		{5C76889E-4BA0-4971-BE0B-6A5954A8B620}.Release|x86.Build.0 = Release|Win32
	EndGlobalSection
	GlobalSection(SolutionProperties) = preSolution
		HideSolutionNode = FALSE
	EndGlobalSection
	GlobalSection(ExtensibilityGlobals) = postSolution
		SolutionGuid = {AF65B7B8-1F9D-4D85-B6B1-8F756D82B89D}
	EndGlobalSection
EndGlobal
